
Microsoft Visual Studio Solution File, Format Version 12.00
# Visual Studio Version 17
VisualStudioVersion = 17.9.34714.143
MinimumVisualStudioVersion = 10.0.40219.1
Project("{8BC9CEB8-8B4A-11D0-8D11-00A0C91BC942}") = "1", "1\1.vcxproj", "{E6E2CBF2-E6CA-46E6-9E45-6BE52C3E4566}"
EndProject
Global
	GlobalSection(SolutionConfigurationPlatforms) = preSolution
		Debug|x64 = Debug|x64
		Debug|x86 = Debug|x86
		Release|x64 = Release|x64
		Release|x86 = Release|x86
	EndGlobalSection
	GlobalSection(ProjectConfigurationPlatforms) = postSolution
		{E6E2CBF2-E6CA-46E6-9E45-6BE52C3E4566}.Debug|x64.ActiveCfg = Debug|x64
		{E6E2CBF2-E6CA-46E6-9E45-6BE52C3E4566}.Debug|x64.Build.0 = Debug|x64
		{E6E2CBF2-E6CA-46E6-9E45-6BE52C3E4566}.Debug|x86.ActiveCfg = Debug|Win32
		{E6E2CBF2-E6CA-46E6-9E45-6BE52C3E4566}.Debug|x86.Build.0 = Debug|Win32
		{E6E2CBF2-E6CA-46E6-9E45-6BE52C3E4566}.Release|x64.ActiveCfg = Release|x64
		{E6E2CBF2-E6CA-46E6-9E45-6BE52C3E4566}.Release|x64.Build.0 = Release|x64
		{E6E2CBF2-E6CA-46E6-9E45-6BE52C3E4566}.Release|x86.ActiveCfg = Release|Win32
		{E6E2CBF2-E6CA-46E6-9E45-6BE52C3E4566}.Release|x86.Build.0 = Release|Win32
	EndGlobalSection
	GlobalSection(SolutionProperties) = preSolution
		HideSolutionNode = FALSE
	EndGlobalSection
	GlobalSection(ExtensibilityGlobals) = postSolution
		SolutionGuid = {4E45124B-6889-428C-89D1-4A11EE10CD43}
	EndGlobalSection
EndGlobal
